
Microsoft Visual Studio Solution File, Format Version 12.00
# Visual Studio 15
VisualStudioVersion = 15.0.28010.2041
MinimumVisualStudioVersion = 10.0.40219.1
Project("{8BC9CEB8-8B4A-11D0-8D11-00A0C91BC942}") = "Lab3", "Lab3\Lab3.vcxproj", "{903C620E-FA95-469B-8F4F-2C5889761F3D}"
EndProject
Project("{8BC9CEB8-8B4A-11D0-8D11-00A0C91BC942}") = "Graphs", "Graphs\Graphs.vcxproj", "{CD62C26C-7483-4FD4-ADFE-2325CF32ACC7}"
EndProject
Global
	GlobalSection(SolutionConfigurationPlatforms) = preSolution
		Debug|x64 = Debug|x64
		Debug|x86 = Debug|x86
		Release|x64 = Release|x64
		Release|x86 = Release|x86
	EndGlobalSection
	GlobalSection(ProjectConfigurationPlatforms) = postSolution
		{903C620E-FA95-469B-8F4F-2C5889761F3D}.Debug|x64.ActiveCfg = Debug|x64
		{903C620E-FA95-469B-8F4F-2C5889761F3D}.Debug|x64.Build.0 = Debug|x64
		{903C620E-FA95-469B-8F4F-2C5889761F3D}.Debug|x86.ActiveCfg = Debug|Win32
		{903C620E-FA95-469B-8F4F-2C5889761F3D}.Debug|x86.Build.0 = Debug|Win32
		{903C620E-FA95-469B-8F4F-2C5889761F3D}.Release|x64.ActiveCfg = Release|x64
		{903C620E-FA95-469B-8F4F-2C5889761F3D}.Release|x64.Build.0 = Release|x64
		{903C620E-FA95-469B-8F4F-2C5889761F3D}.Release|x86.ActiveCfg = Release|Win32
		{903C620E-FA95-469B-8F4F-2C5889761F3D}.Release|x86.Build.0 = Release|Win32
		{CD62C26C-7483-4FD4-ADFE-2325CF32ACC7}.Debug|x64.ActiveCfg = Debug|x64
		{CD62C26C-7483-4FD4-ADFE-2325CF32ACC7}.Debug|x64.Build.0 = Debug|x64
		{CD62C26C-7483-4FD4-ADFE-2325CF32ACC7}.Debug|x86.ActiveCfg = Debug|Win32
		{CD62C26C-7483-4FD4-ADFE-2325CF32ACC7}.Debug|x86.Build.0 = Debug|Win32
		{CD62C26C-7483-4FD4-ADFE-2325CF32ACC7}.Release|x64.ActiveCfg = Release|x64
		{CD62C26C-7483-4FD4-ADFE-2325CF32ACC7}.Release|x64.Build.0 = Release|x64
		{CD62C26C-7483-4FD4-ADFE-2325CF32ACC7}.Release|x86.ActiveCfg = Release|Win32
		{CD62C26C-7483-4FD4-ADFE-2325CF32ACC7}.Release|x86.Build.0 = Release|Win32
	EndGlobalSection
	GlobalSection(SolutionProperties) = preSolution
		HideSolutionNode = FALSE
	EndGlobalSection
	GlobalSection(ExtensibilityGlobals) = postSolution
		SolutionGuid = {D7F3C566-8865-4B15-BC07-2C958A245BE2}
	EndGlobalSection
EndGlobal
