
Microsoft Visual Studio Solution File, Format Version 12.00
# Visual Studio 15
VisualStudioVersion = 15.0.26730.15
MinimumVisualStudioVersion = 10.0.40219.1
Project("{8BC9CEB8-8B4A-11D0-8D11-00A0C91BC942}") = "Lab_1", "Lab_1\Lab_1.vcxproj", "{7BA7F4D6-D893-4291-8AE5-136A0E1B07D8}"
EndProject
Global
	GlobalSection(SolutionConfigurationPlatforms) = preSolution
		Debug|x64 = Debug|x64
		Debug|x86 = Debug|x86
		Release|x64 = Release|x64
		Release|x86 = Release|x86
	EndGlobalSection
	GlobalSection(ProjectConfigurationPlatforms) = postSolution
		{7BA7F4D6-D893-4291-8AE5-136A0E1B07D8}.Debug|x64.ActiveCfg = Debug|x64
		{7BA7F4D6-D893-4291-8AE5-136A0E1B07D8}.Debug|x64.Build.0 = Debug|x64
		{7BA7F4D6-D893-4291-8AE5-136A0E1B07D8}.Debug|x86.ActiveCfg = Debug|Win32
		{7BA7F4D6-D893-4291-8AE5-136A0E1B07D8}.Debug|x86.Build.0 = Debug|Win32
		{7BA7F4D6-D893-4291-8AE5-136A0E1B07D8}.Release|x64.ActiveCfg = Release|x64
		{7BA7F4D6-D893-4291-8AE5-136A0E1B07D8}.Release|x64.Build.0 = Release|x64
		{7BA7F4D6-D893-4291-8AE5-136A0E1B07D8}.Release|x86.ActiveCfg = Release|Win32
		{7BA7F4D6-D893-4291-8AE5-136A0E1B07D8}.Release|x86.Build.0 = Release|Win32
	EndGlobalSection
	GlobalSection(SolutionProperties) = preSolution
		HideSolutionNode = FALSE
	EndGlobalSection
	GlobalSection(ExtensibilityGlobals) = postSolution
		SolutionGuid = {76A2F4D5-8C16-40BA-BDE1-2F2431D3C8CF}
	EndGlobalSection
EndGlobal
