
Microsoft Visual Studio Solution File, Format Version 12.00
# Visual Studio 15
VisualStudioVersion = 15.0.26730.15
MinimumVisualStudioVersion = 10.0.40219.1
Project("{8BC9CEB8-8B4A-11D0-8D11-00A0C91BC942}") = "Lab_5_4", "Lab_5_4\Lab_5_4.vcxproj", "{A805D937-A56D-4A33-AA5F-301F634AB02C}"
EndProject
Global
	GlobalSection(SolutionConfigurationPlatforms) = preSolution
		Debug|x64 = Debug|x64
		Debug|x86 = Debug|x86
		Release|x64 = Release|x64
		Release|x86 = Release|x86
	EndGlobalSection
	GlobalSection(ProjectConfigurationPlatforms) = postSolution
		{A805D937-A56D-4A33-AA5F-301F634AB02C}.Debug|x64.ActiveCfg = Debug|x64
		{A805D937-A56D-4A33-AA5F-301F634AB02C}.Debug|x64.Build.0 = Debug|x64
		{A805D937-A56D-4A33-AA5F-301F634AB02C}.Debug|x86.ActiveCfg = Debug|Win32
		{A805D937-A56D-4A33-AA5F-301F634AB02C}.Debug|x86.Build.0 = Debug|Win32
		{A805D937-A56D-4A33-AA5F-301F634AB02C}.Release|x64.ActiveCfg = Release|x64
		{A805D937-A56D-4A33-AA5F-301F634AB02C}.Release|x64.Build.0 = Release|x64
		{A805D937-A56D-4A33-AA5F-301F634AB02C}.Release|x86.ActiveCfg = Release|Win32
		{A805D937-A56D-4A33-AA5F-301F634AB02C}.Release|x86.Build.0 = Release|Win32
	EndGlobalSection
	GlobalSection(SolutionProperties) = preSolution
		HideSolutionNode = FALSE
	EndGlobalSection
	GlobalSection(ExtensibilityGlobals) = postSolution
		SolutionGuid = {860C47B4-CED2-4E33-8F04-C104AD4CE36C}
	EndGlobalSection
EndGlobal
