
Microsoft Visual Studio Solution File, Format Version 12.00
# Visual Studio 15
VisualStudioVersion = 15.0.28010.2026
MinimumVisualStudioVersion = 10.0.40219.1
Project("{8BC9CEB8-8B4A-11D0-8D11-00A0C91BC942}") = "Lab2_Exe1", "Lab2_Exe1\Lab2_Exe1.vcxproj", "{30696610-0E8A-4E20-8B6F-1C11B9FB57D0}"
EndProject
Project("{8BC9CEB8-8B4A-11D0-8D11-00A0C91BC942}") = "Graphs", "Graphs\Graphs.vcxproj", "{1E4F4E71-657F-41B5-B4DE-FAF06FAB7B17}"
EndProject
Project("{8BC9CEB8-8B4A-11D0-8D11-00A0C91BC942}") = "Combinatorics", "Combinatorics\Combinatorics.vcxproj", "{97AAFFBF-E36A-490E-B9E8-0D01ED0F5824}"
EndProject
Global
	GlobalSection(SolutionConfigurationPlatforms) = preSolution
		Debug|x64 = Debug|x64
		Debug|x86 = Debug|x86
		Release|x64 = Release|x64
		Release|x86 = Release|x86
	EndGlobalSection
	GlobalSection(ProjectConfigurationPlatforms) = postSolution
		{30696610-0E8A-4E20-8B6F-1C11B9FB57D0}.Debug|x64.ActiveCfg = Debug|x64
		{30696610-0E8A-4E20-8B6F-1C11B9FB57D0}.Debug|x64.Build.0 = Debug|x64
		{30696610-0E8A-4E20-8B6F-1C11B9FB57D0}.Debug|x86.ActiveCfg = Debug|Win32
		{30696610-0E8A-4E20-8B6F-1C11B9FB57D0}.Debug|x86.Build.0 = Debug|Win32
		{30696610-0E8A-4E20-8B6F-1C11B9FB57D0}.Release|x64.ActiveCfg = Release|x64
		{30696610-0E8A-4E20-8B6F-1C11B9FB57D0}.Release|x64.Build.0 = Release|x64
		{30696610-0E8A-4E20-8B6F-1C11B9FB57D0}.Release|x86.ActiveCfg = Release|Win32
		{30696610-0E8A-4E20-8B6F-1C11B9FB57D0}.Release|x86.Build.0 = Release|Win32
		{1E4F4E71-657F-41B5-B4DE-FAF06FAB7B17}.Debug|x64.ActiveCfg = Debug|x64
		{1E4F4E71-657F-41B5-B4DE-FAF06FAB7B17}.Debug|x64.Build.0 = Debug|x64
		{1E4F4E71-657F-41B5-B4DE-FAF06FAB7B17}.Debug|x86.ActiveCfg = Debug|Win32
		{1E4F4E71-657F-41B5-B4DE-FAF06FAB7B17}.Debug|x86.Build.0 = Debug|Win32
		{1E4F4E71-657F-41B5-B4DE-FAF06FAB7B17}.Release|x64.ActiveCfg = Release|x64
		{1E4F4E71-657F-41B5-B4DE-FAF06FAB7B17}.Release|x64.Build.0 = Release|x64
		{1E4F4E71-657F-41B5-B4DE-FAF06FAB7B17}.Release|x86.ActiveCfg = Release|Win32
		{1E4F4E71-657F-41B5-B4DE-FAF06FAB7B17}.Release|x86.Build.0 = Release|Win32
		{97AAFFBF-E36A-490E-B9E8-0D01ED0F5824}.Debug|x64.ActiveCfg = Debug|x64
		{97AAFFBF-E36A-490E-B9E8-0D01ED0F5824}.Debug|x64.Build.0 = Debug|x64
		{97AAFFBF-E36A-490E-B9E8-0D01ED0F5824}.Debug|x86.ActiveCfg = Debug|Win32
		{97AAFFBF-E36A-490E-B9E8-0D01ED0F5824}.Debug|x86.Build.0 = Debug|Win32
		{97AAFFBF-E36A-490E-B9E8-0D01ED0F5824}.Release|x64.ActiveCfg = Release|x64
		{97AAFFBF-E36A-490E-B9E8-0D01ED0F5824}.Release|x64.Build.0 = Release|x64
		{97AAFFBF-E36A-490E-B9E8-0D01ED0F5824}.Release|x86.ActiveCfg = Release|Win32
		{97AAFFBF-E36A-490E-B9E8-0D01ED0F5824}.Release|x86.Build.0 = Release|Win32
	EndGlobalSection
	GlobalSection(SolutionProperties) = preSolution
		HideSolutionNode = FALSE
	EndGlobalSection
	GlobalSection(ExtensibilityGlobals) = postSolution
		SolutionGuid = {43E72B36-6E09-44AE-B8F6-B69B929260D3}
	EndGlobalSection
EndGlobal
