
Microsoft Visual Studio Solution File, Format Version 12.00
# Visual Studio 15
VisualStudioVersion = 15.0.26730.15
MinimumVisualStudioVersion = 10.0.40219.1
Project("{8BC9CEB8-8B4A-11D0-8D11-00A0C91BC942}") = "Lab5", "Lab5\Lab5.vcxproj", "{565341E3-C4CA-40E8-87B9-1CFB3B354604}"
EndProject
Global
	GlobalSection(SolutionConfigurationPlatforms) = preSolution
		Debug|x64 = Debug|x64
		Debug|x86 = Debug|x86
		Release|x64 = Release|x64
		Release|x86 = Release|x86
	EndGlobalSection
	GlobalSection(ProjectConfigurationPlatforms) = postSolution
		{565341E3-C4CA-40E8-87B9-1CFB3B354604}.Debug|x64.ActiveCfg = Debug|x64
		{565341E3-C4CA-40E8-87B9-1CFB3B354604}.Debug|x64.Build.0 = Debug|x64
		{565341E3-C4CA-40E8-87B9-1CFB3B354604}.Debug|x86.ActiveCfg = Debug|Win32
		{565341E3-C4CA-40E8-87B9-1CFB3B354604}.Debug|x86.Build.0 = Debug|Win32
		{565341E3-C4CA-40E8-87B9-1CFB3B354604}.Release|x64.ActiveCfg = Release|x64
		{565341E3-C4CA-40E8-87B9-1CFB3B354604}.Release|x64.Build.0 = Release|x64
		{565341E3-C4CA-40E8-87B9-1CFB3B354604}.Release|x86.ActiveCfg = Release|Win32
		{565341E3-C4CA-40E8-87B9-1CFB3B354604}.Release|x86.Build.0 = Release|Win32
	EndGlobalSection
	GlobalSection(SolutionProperties) = preSolution
		HideSolutionNode = FALSE
	EndGlobalSection
	GlobalSection(ExtensibilityGlobals) = postSolution
		SolutionGuid = {8F6A8C53-B116-4B7E-8288-FEA293C2541C}
	EndGlobalSection
EndGlobal
