
Microsoft Visual Studio Solution File, Format Version 12.00
# Visual Studio 15
VisualStudioVersion = 15.0.28307.421
MinimumVisualStudioVersion = 10.0.40219.1
Project("{8BC9CEB8-8B4A-11D0-8D11-00A0C91BC942}") = "prime-numbers", "prime-numbers\prime-numbers.vcxproj", "{EE609E87-0885-40C7-9847-525BE24CEB68}"
EndProject
Global
	GlobalSection(SolutionConfigurationPlatforms) = preSolution
		Debug|x64 = Debug|x64
		Debug|x86 = Debug|x86
		Release|x64 = Release|x64
		Release|x86 = Release|x86
	EndGlobalSection
	GlobalSection(ProjectConfigurationPlatforms) = postSolution
		{EE609E87-0885-40C7-9847-525BE24CEB68}.Debug|x64.ActiveCfg = Debug|x64
		{EE609E87-0885-40C7-9847-525BE24CEB68}.Debug|x64.Build.0 = Debug|x64
		{EE609E87-0885-40C7-9847-525BE24CEB68}.Debug|x86.ActiveCfg = Debug|Win32
		{EE609E87-0885-40C7-9847-525BE24CEB68}.Debug|x86.Build.0 = Debug|Win32
		{EE609E87-0885-40C7-9847-525BE24CEB68}.Release|x64.ActiveCfg = Release|x64
		{EE609E87-0885-40C7-9847-525BE24CEB68}.Release|x64.Build.0 = Release|x64
		{EE609E87-0885-40C7-9847-525BE24CEB68}.Release|x86.ActiveCfg = Release|Win32
		{EE609E87-0885-40C7-9847-525BE24CEB68}.Release|x86.Build.0 = Release|Win32
	EndGlobalSection
	GlobalSection(SolutionProperties) = preSolution
		HideSolutionNode = FALSE
	EndGlobalSection
	GlobalSection(ExtensibilityGlobals) = postSolution
		SolutionGuid = {E2DEAF20-E779-4319-85ED-AD88288E13ED}
	EndGlobalSection
EndGlobal
